
Microsoft Visual Studio Solution File, Format Version 12.00
# Visual Studio Version 16
VisualStudioVersion = 25.0.1706.10
MinimumVisualStudioVersion = 10.0.40219.1
Project("{FAE04EC0-301F-11D3-BF4B-00C04F79EFBC}") = "CrashAnalyticsPOC", "CrashAnalyticsPOC\CrashAnalyticsPOC.csproj", "{11D102A5-C96C-407B-8B3F-60EDC608D752}"
EndProject
Global
	GlobalSection(SolutionConfigurationPlatforms) = preSolution
		Debug|Any CPU = Debug|Any CPU
		Release|Any CPU = Release|Any CPU
	EndGlobalSection
	GlobalSection(ProjectConfigurationPlatforms) = postSolution
		{11D102A5-C96C-407B-8B3F-60EDC608D752}.Debug|Any CPU.ActiveCfg = Debug|Any CPU
		{11D102A5-C96C-407B-8B3F-60EDC608D752}.Debug|Any CPU.Build.0 = Debug|Any CPU
		{11D102A5-C96C-407B-8B3F-60EDC608D752}.Release|Any CPU.ActiveCfg = Release|Any CPU
		{11D102A5-C96C-407B-8B3F-60EDC608D752}.Release|Any CPU.Build.0 = Release|Any CPU
	EndGlobalSection
	GlobalSection(SolutionProperties) = preSolution
		HideSolutionNode = FALSE
	EndGlobalSection
	GlobalSection(ExtensibilityGlobals) = postSolution
		SolutionGuid = {2B5AAA90-8E9C-4654-BEC7-1297BD50F550}
	EndGlobalSection
EndGlobal
